
Microsoft Visual Studio Solution File, Format Version 12.00
# Visual Studio Version 17
VisualStudioVersion = 17.0.32014.148
MinimumVisualStudioVersion = 10.0.40219.1
Project("{FAE04EC0-301F-11D3-BF4B-00C04F79EFBC}") = "WebApplication_Layout", "WebApplication_Layout\WebApplication_Layout.csproj", "{80AB37D2-4966-4E74-BA10-0A719C8F1048}"
EndProject
Global
	GlobalSection(SolutionConfigurationPlatforms) = preSolution
		Debug|Any CPU = Debug|Any CPU
		Release|Any CPU = Release|Any CPU
	EndGlobalSection
	GlobalSection(ProjectConfigurationPlatforms) = postSolution
		{80AB37D2-4966-4E74-BA10-0A719C8F1048}.Debug|Any CPU.ActiveCfg = Debug|Any CPU
		{80AB37D2-4966-4E74-BA10-0A719C8F1048}.Debug|Any CPU.Build.0 = Debug|Any CPU
		{80AB37D2-4966-4E74-BA10-0A719C8F1048}.Release|Any CPU.ActiveCfg = Release|Any CPU
		{80AB37D2-4966-4E74-BA10-0A719C8F1048}.Release|Any CPU.Build.0 = Release|Any CPU
	EndGlobalSection
	GlobalSection(SolutionProperties) = preSolution
		HideSolutionNode = FALSE
	EndGlobalSection
	GlobalSection(ExtensibilityGlobals) = postSolution
		SolutionGuid = {78D2FE6E-F184-4AE4-9985-324916366526}
	EndGlobalSection
EndGlobal
